// !$*UTF8*$!
{
	archiveVersion = 1;
	classes = {
	};
	objectVersion = 46;
	objects = {

/* Begin PBXBuildFile section */
		1E20566E15A5F61F008FC20A /* BITCrashReportManagerDelegate.h in Headers */ = {isa = PBXBuildFile; fileRef = 1EE1DFFE1524B3D600C0DA76 /* BITCrashReportManagerDelegate.h */; settings = {ATTRIBUTES = (Public, ); }; };
		1E413D9615A0FA0100620BFE /* HockeySDK.strings in Resources */ = {isa = PBXBuildFile; fileRef = 1E413D9315A0BB8800620BFE /* HockeySDK.strings */; };
		1E7F5A2415A46249001081FC /* HockeySDK.h in Headers */ = {isa = PBXBuildFile; fileRef = 1E7F5A2315A46249001081FC /* HockeySDK.h */; settings = {ATTRIBUTES = (Public, ); }; };
		1E93591E15238FCF00F51DBD /* Foundation.framework in Frameworks */ = {isa = PBXBuildFile; fileRef = 1EF09D941523574200067A5C /* Foundation.framework */; };
		1EF09D901523574200067A5C /* Cocoa.framework in Frameworks */ = {isa = PBXBuildFile; fileRef = 1EF09D8F1523574200067A5C /* Cocoa.framework */; };
		1EF09DB51523579100067A5C /* BITHockeyManager.h in Headers */ = {isa = PBXBuildFile; fileRef = 1EF09DAE1523579100067A5C /* BITHockeyManager.h */; settings = {ATTRIBUTES = (Public, ); }; };
		1EF09DB61523579100067A5C /* BITHockeyManager.m in Sources */ = {isa = PBXBuildFile; fileRef = 1EF09DAF1523579100067A5C /* BITHockeyManager.m */; };
		1EF09DBE1523579A00067A5C /* HockeySDK-Prefix.pch in Headers */ = {isa = PBXBuildFile; fileRef = 1EF09DBB1523579A00067A5C /* HockeySDK-Prefix.pch */; };
		1EF09DC1152357A500067A5C /* CrashReporter.framework in Frameworks */ = {isa = PBXBuildFile; fileRef = 1EF09DC0152357A500067A5C /* CrashReporter.framework */; };
		1EF09DD4152371DC00067A5C /* BITCrashReportUI.nib in Resources */ = {isa = PBXBuildFile; fileRef = 1EF09DCD152371DC00067A5C /* BITCrashReportUI.nib */; };
		1EF09DD5152371DC00067A5C /* BITCrashReportManager.h in Headers */ = {isa = PBXBuildFile; fileRef = 1EF09DCE152371DC00067A5C /* BITCrashReportManager.h */; settings = {ATTRIBUTES = (Public, ); }; };
		1EF09DD6152371DC00067A5C /* BITCrashReportManager.m in Sources */ = {isa = PBXBuildFile; fileRef = 1EF09DCF152371DC00067A5C /* BITCrashReportManager.m */; };
		1EF09DD7152371DC00067A5C /* BITCrashReportUI.h in Headers */ = {isa = PBXBuildFile; fileRef = 1EF09DD0152371DC00067A5C /* BITCrashReportUI.h */; };
		1EF09DD8152371DC00067A5C /* BITCrashReportUI.m in Sources */ = {isa = PBXBuildFile; fileRef = 1EF09DD1152371DC00067A5C /* BITCrashReportUI.m */; };
		1EF09DD9152371DC00067A5C /* BITCrashReportTextFormatter.h in Headers */ = {isa = PBXBuildFile; fileRef = 1EF09DD2152371DC00067A5C /* BITCrashReportTextFormatter.h */; };
		1EF09DDA152371DC00067A5C /* BITCrashReportTextFormatter.m in Sources */ = {isa = PBXBuildFile; fileRef = 1EF09DD3152371DC00067A5C /* BITCrashReportTextFormatter.m */; };
		4C7E213E159C902900D02AD1 /* CrashReporter.framework in CopyFiles */ = {isa = PBXBuildFile; fileRef = 1EF09DC0152357A500067A5C /* CrashReporter.framework */; };
		4DD13AF4162CA7C400BF15E8 /* BITSystemProfile.h in Headers */ = {isa = PBXBuildFile; fileRef = 4DD13AF2162CA7C400BF15E8 /* BITSystemProfile.h */; settings = {ATTRIBUTES = (Public, ); }; };
		4DD13AF5162CA7C400BF15E8 /* BITSystemProfile.m in Sources */ = {isa = PBXBuildFile; fileRef = 4DD13AF3162CA7C400BF15E8 /* BITSystemProfile.m */; };
		4DD13AF7162CAA2200BF15E8 /* IOKit.framework in Frameworks */ = {isa = PBXBuildFile; fileRef = 4DD13AF6162CAA2200BF15E8 /* IOKit.framework */; };
/* End PBXBuildFile section */

/* Begin PBXCopyFilesBuildPhase section */
		4C7E213C159C900B00D02AD1 /* CopyFiles */ = {
			isa = PBXCopyFilesBuildPhase;
			buildActionMask = 2147483647;
			dstPath = "";
			dstSubfolderSpec = 10;
			files = (
				4C7E213E159C902900D02AD1 /* CrashReporter.framework in CopyFiles */,
			);
			runOnlyForDeploymentPostprocessing = 0;
		};
/* End PBXCopyFilesBuildPhase section */

/* Begin PBXFileReference section */
		1E413D9215A0BB8800620BFE /* en */ = {isa = PBXFileReference; lastKnownFileType = text.plist.strings; name = en; path = en.lproj/HockeySDK.strings; sourceTree = "<group>"; };
		1E413D9515A0BB9700620BFE /* de */ = {isa = PBXFileReference; lastKnownFileType = text.plist.strings; name = de; path = de.lproj/HockeySDK.strings; sourceTree = "<group>"; };
		1E66F5E015A1C47700C0816F /* fi */ = {isa = PBXFileReference; fileEncoding = 4; lastKnownFileType = text.plist.strings; name = fi; path = fi.lproj/HockeySDK.strings; sourceTree = "<group>"; };
		1E66F5E215A1C49400C0816F /* fr */ = {isa = PBXFileReference; fileEncoding = 4; lastKnownFileType = text.plist.strings; name = fr; path = fr.lproj/HockeySDK.strings; sourceTree = "<group>"; };
		1E66F5E315A1C4A700C0816F /* it */ = {isa = PBXFileReference; fileEncoding = 4; lastKnownFileType = text.plist.strings; name = it; path = it.lproj/HockeySDK.strings; sourceTree = "<group>"; };
		1E66F5E415A1C4BF00C0816F /* nb */ = {isa = PBXFileReference; fileEncoding = 4; lastKnownFileType = text.plist.strings; name = nb; path = nb.lproj/HockeySDK.strings; sourceTree = "<group>"; };
		1E66F5E515A1C4D100C0816F /* sv */ = {isa = PBXFileReference; fileEncoding = 4; lastKnownFileType = text.plist.strings; name = sv; path = sv.lproj/HockeySDK.strings; sourceTree = "<group>"; };
		1E7F5A2315A46249001081FC /* HockeySDK.h */ = {isa = PBXFileReference; fileEncoding = 4; lastKnownFileType = sourcecode.c.h; path = HockeySDK.h; sourceTree = "<group>"; };
		1EE1DFFE1524B3D600C0DA76 /* BITCrashReportManagerDelegate.h */ = {isa = PBXFileReference; fileEncoding = 4; lastKnownFileType = sourcecode.c.h; path = BITCrashReportManagerDelegate.h; sourceTree = "<group>"; };
		1EE8CF7E17147CF20088444D /* ja */ = {isa = PBXFileReference; lastKnownFileType = text.plist.strings; name = ja; path = ja.lproj/HockeySDK.strings; sourceTree = "<group>"; };
		1EF09D8C1523574200067A5C /* HockeySDK.framework */ = {isa = PBXFileReference; explicitFileType = wrapper.framework; includeInIndex = 0; path = HockeySDK.framework; sourceTree = BUILT_PRODUCTS_DIR; };
		1EF09D8F1523574200067A5C /* Cocoa.framework */ = {isa = PBXFileReference; lastKnownFileType = wrapper.framework; name = Cocoa.framework; path = System/Library/Frameworks/Cocoa.framework; sourceTree = SDKROOT; };
		1EF09D921523574200067A5C /* AppKit.framework */ = {isa = PBXFileReference; lastKnownFileType = wrapper.framework; name = AppKit.framework; path = System/Library/Frameworks/AppKit.framework; sourceTree = SDKROOT; };
		1EF09D931523574200067A5C /* CoreData.framework */ = {isa = PBXFileReference; lastKnownFileType = wrapper.framework; name = CoreData.framework; path = System/Library/Frameworks/CoreData.framework; sourceTree = SDKROOT; };
		1EF09D941523574200067A5C /* Foundation.framework */ = {isa = PBXFileReference; lastKnownFileType = wrapper.framework; name = Foundation.framework; path = System/Library/Frameworks/Foundation.framework; sourceTree = SDKROOT; };
		1EF09DAE1523579100067A5C /* BITHockeyManager.h */ = {isa = PBXFileReference; fileEncoding = 4; lastKnownFileType = sourcecode.c.h; path = BITHockeyManager.h; sourceTree = "<group>"; };
		1EF09DAF1523579100067A5C /* BITHockeyManager.m */ = {isa = PBXFileReference; fileEncoding = 4; lastKnownFileType = sourcecode.c.objc; path = BITHockeyManager.m; sourceTree = "<group>"; };
		1EF09DBA1523579A00067A5C /* HockeySDK-Info.plist */ = {isa = PBXFileReference; fileEncoding = 4; lastKnownFileType = text.plist.xml; path = "HockeySDK-Info.plist"; sourceTree = "<group>"; };
		1EF09DBB1523579A00067A5C /* HockeySDK-Prefix.pch */ = {isa = PBXFileReference; fileEncoding = 4; lastKnownFileType = sourcecode.c.h; path = "HockeySDK-Prefix.pch"; sourceTree = "<group>"; };
		1EF09DC0152357A500067A5C /* CrashReporter.framework */ = {isa = PBXFileReference; lastKnownFileType = wrapper.framework; path = CrashReporter.framework; sourceTree = "<group>"; };
		1EF09DCD152371DC00067A5C /* BITCrashReportUI.nib */ = {isa = PBXFileReference; lastKnownFileType = wrapper.nib; path = BITCrashReportUI.nib; sourceTree = "<group>"; };
		1EF09DCE152371DC00067A5C /* BITCrashReportManager.h */ = {isa = PBXFileReference; fileEncoding = 4; lastKnownFileType = sourcecode.c.h; path = BITCrashReportManager.h; sourceTree = "<group>"; };
		1EF09DCF152371DC00067A5C /* BITCrashReportManager.m */ = {isa = PBXFileReference; fileEncoding = 4; lastKnownFileType = sourcecode.c.objc; path = BITCrashReportManager.m; sourceTree = "<group>"; };
		1EF09DD0152371DC00067A5C /* BITCrashReportUI.h */ = {isa = PBXFileReference; fileEncoding = 4; lastKnownFileType = sourcecode.c.h; path = BITCrashReportUI.h; sourceTree = "<group>"; };
		1EF09DD1152371DC00067A5C /* BITCrashReportUI.m */ = {isa = PBXFileReference; fileEncoding = 4; lastKnownFileType = sourcecode.c.objc; path = BITCrashReportUI.m; sourceTree = "<group>"; };
		1EF09DD2152371DC00067A5C /* BITCrashReportTextFormatter.h */ = {isa = PBXFileReference; fileEncoding = 4; lastKnownFileType = sourcecode.c.h; path = BITCrashReportTextFormatter.h; sourceTree = "<group>"; };
		1EF09DD3152371DC00067A5C /* BITCrashReportTextFormatter.m */ = {isa = PBXFileReference; fileEncoding = 4; indentWidth = 4; lastKnownFileType = sourcecode.c.objc; path = BITCrashReportTextFormatter.m; sourceTree = "<group>"; tabWidth = 4; };
		4D1F150F162D4A6F0047B9D9 /* BITSystemProfilePrivate.h */ = {isa = PBXFileReference; lastKnownFileType = sourcecode.c.h; path = BITSystemProfilePrivate.h; sourceTree = "<group>"; };
		4DD13AF2162CA7C400BF15E8 /* BITSystemProfile.h */ = {isa = PBXFileReference; fileEncoding = 4; lastKnownFileType = sourcecode.c.h; name = BITSystemProfile.h; path = BetaDistribution/BITSystemProfile.h; sourceTree = "<group>"; };
		4DD13AF3162CA7C400BF15E8 /* BITSystemProfile.m */ = {isa = PBXFileReference; fileEncoding = 4; lastKnownFileType = sourcecode.c.objc; name = BITSystemProfile.m; path = BetaDistribution/BITSystemProfile.m; sourceTree = "<group>"; };
		4DD13AF6162CAA2200BF15E8 /* IOKit.framework */ = {isa = PBXFileReference; lastKnownFileType = wrapper.framework; name = IOKit.framework; path = System/Library/Frameworks/IOKit.framework; sourceTree = SDKROOT; };
/* End PBXFileReference section */

/* Begin PBXFrameworksBuildPhase section */
		1EF09D881523574200067A5C /* Frameworks */ = {
			isa = PBXFrameworksBuildPhase;
			buildActionMask = 2147483647;
			files = (
				4DD13AF7162CAA2200BF15E8 /* IOKit.framework in Frameworks */,
				1E93591E15238FCF00F51DBD /* Foundation.framework in Frameworks */,
				1EF09D901523574200067A5C /* Cocoa.framework in Frameworks */,
				1EF09DC1152357A500067A5C /* CrashReporter.framework in Frameworks */,
			);
			runOnlyForDeploymentPostprocessing = 0;
		};
/* End PBXFrameworksBuildPhase section */

/* Begin PBXGroup section */
		1EF09D801523574200067A5C = {
			isa = PBXGroup;
			children = (
				1EF09DA81523579100067A5C /* Classes */,
				1EF09DB71523579A00067A5C /* Resources */,
				1EF09DBF152357A500067A5C /* Vendor */,
				1EF09D8E1523574200067A5C /* Frameworks */,
				1EF09D8D1523574200067A5C /* Products */,
			);
			sourceTree = "<group>";
		};
		1EF09D8D1523574200067A5C /* Products */ = {
			isa = PBXGroup;
			children = (
				1EF09D8C1523574200067A5C /* HockeySDK.framework */,
			);
			name = Products;
			sourceTree = "<group>";
		};
		1EF09D8E1523574200067A5C /* Frameworks */ = {
			isa = PBXGroup;
			children = (
				4DD13AF6162CAA2200BF15E8 /* IOKit.framework */,
				1EF09D8F1523574200067A5C /* Cocoa.framework */,
				1EF09D911523574200067A5C /* Other Frameworks */,
			);
			name = Frameworks;
			sourceTree = "<group>";
		};
		1EF09D911523574200067A5C /* Other Frameworks */ = {
			isa = PBXGroup;
			children = (
				1EF09D921523574200067A5C /* AppKit.framework */,
				1EF09D931523574200067A5C /* CoreData.framework */,
				1EF09D941523574200067A5C /* Foundation.framework */,
			);
			name = "Other Frameworks";
			sourceTree = "<group>";
		};
		1EF09DA81523579100067A5C /* Classes */ = {
			isa = PBXGroup;
			children = (
				4DD13AF0162CA7A800BF15E8 /* BetaDistribution */,
				1EF09DCC152371DC00067A5C /* CrashReporting */,
				1EF09DAE1523579100067A5C /* BITHockeyManager.h */,
				1EF09DAF1523579100067A5C /* BITHockeyManager.m */,
			);
			name = Classes;
			path = ../Classes;
			sourceTree = "<group>";
		};
		1EF09DB71523579A00067A5C /* Resources */ = {
			isa = PBXGroup;
			children = (
				1EF09DBA1523579A00067A5C /* HockeySDK-Info.plist */,
				1EF09DBB1523579A00067A5C /* HockeySDK-Prefix.pch */,
				1E7F5A2315A46249001081FC /* HockeySDK.h */,
				1E413D9315A0BB8800620BFE /* HockeySDK.strings */,
			);
			name = Resources;
			path = ../Resources;
			sourceTree = "<group>";
		};
		1EF09DBF152357A500067A5C /* Vendor */ = {
			isa = PBXGroup;
			children = (
				1EF09DC0152357A500067A5C /* CrashReporter.framework */,
			);
			name = Vendor;
			path = ../Vendor;
			sourceTree = "<group>";
		};
		1EF09DCC152371DC00067A5C /* CrashReporting */ = {
			isa = PBXGroup;
			children = (
				1EF09DCD152371DC00067A5C /* BITCrashReportUI.nib */,
				1EF09DCE152371DC00067A5C /* BITCrashReportManager.h */,
				1EF09DCF152371DC00067A5C /* BITCrashReportManager.m */,
				1EE1DFFE1524B3D600C0DA76 /* BITCrashReportManagerDelegate.h */,
				1EF09DD0152371DC00067A5C /* BITCrashReportUI.h */,
				1EF09DD1152371DC00067A5C /* BITCrashReportUI.m */,
				1EF09DD2152371DC00067A5C /* BITCrashReportTextFormatter.h */,
				1EF09DD3152371DC00067A5C /* BITCrashReportTextFormatter.m */,
			);
			path = CrashReporting;
			sourceTree = "<group>";
		};
		4DD13AF0162CA7A800BF15E8 /* BetaDistribution */ = {
			isa = PBXGroup;
			children = (
				4DD13AF2162CA7C400BF15E8 /* BITSystemProfile.h */,
				4DD13AF3162CA7C400BF15E8 /* BITSystemProfile.m */,
				4D1F150F162D4A6F0047B9D9 /* BITSystemProfilePrivate.h */,
			);
			name = BetaDistribution;
			sourceTree = "<group>";
		};
/* End PBXGroup section */

/* Begin PBXHeadersBuildPhase section */
		1EF09D891523574200067A5C /* Headers */ = {
			isa = PBXHeadersBuildPhase;
			buildActionMask = 2147483647;
			files = (
				1E7F5A2415A46249001081FC /* HockeySDK.h in Headers */,
				1EF09DB51523579100067A5C /* BITHockeyManager.h in Headers */,
				1EF09DD5152371DC00067A5C /* BITCrashReportManager.h in Headers */,
				1EF09DBE1523579A00067A5C /* HockeySDK-Prefix.pch in Headers */,
				4DD13AF4162CA7C400BF15E8 /* BITSystemProfile.h in Headers */,
				1EF09DD7152371DC00067A5C /* BITCrashReportUI.h in Headers */,
				1EF09DD9152371DC00067A5C /* BITCrashReportTextFormatter.h in Headers */,
				1E20566E15A5F61F008FC20A /* BITCrashReportManagerDelegate.h in Headers */,
			);
			runOnlyForDeploymentPostprocessing = 0;
		};
/* End PBXHeadersBuildPhase section */

/* Begin PBXNativeTarget section */
		1EF09D8B1523574200067A5C /* HockeySDK */ = {
			isa = PBXNativeTarget;
			buildConfigurationList = 1EF09DA11523574200067A5C /* Build configuration list for PBXNativeTarget "HockeySDK" */;
			buildPhases = (
				1EF09D8A1523574200067A5C /* Resources */,
				1EF09D871523574200067A5C /* Sources */,
				1EF09D881523574200067A5C /* Frameworks */,
				4C7E213C159C900B00D02AD1 /* CopyFiles */,
				1EF09D891523574200067A5C /* Headers */,
			);
			buildRules = (
			);
			dependencies = (
			);
			name = HockeySDK;
			productName = HockeySDK;
			productReference = 1EF09D8C1523574200067A5C /* HockeySDK.framework */;
			productType = "com.apple.product-type.framework";
		};
/* End PBXNativeTarget section */

/* Begin PBXProject section */
		1EF09D821523574200067A5C /* Project object */ = {
			isa = PBXProject;
			attributes = {
				LastUpgradeCheck = 0460;
			};
			buildConfigurationList = 1EF09D851523574200067A5C /* Build configuration list for PBXProject "HockeySDK" */;
			compatibilityVersion = "Xcode 3.2";
			developmentRegion = English;
			hasScannedForEncodings = 0;
			knownRegions = (
				en,
				de,
				fi,
				fr,
				it,
				nb,
				sv,
				ja,
			);
			mainGroup = 1EF09D801523574200067A5C;
			productRefGroup = 1EF09D8D1523574200067A5C /* Products */;
			projectDirPath = "";
			projectRoot = "";
			targets = (
				1EF09D8B1523574200067A5C /* HockeySDK */,
			);
		};
/* End PBXProject section */

/* Begin PBXResourcesBuildPhase section */
		1EF09D8A1523574200067A5C /* Resources */ = {
			isa = PBXResourcesBuildPhase;
			buildActionMask = 2147483647;
			files = (
				1EF09DD4152371DC00067A5C /* BITCrashReportUI.nib in Resources */,
				1E413D9615A0FA0100620BFE /* HockeySDK.strings in Resources */,
			);
			runOnlyForDeploymentPostprocessing = 0;
		};
/* End PBXResourcesBuildPhase section */

/* Begin PBXSourcesBuildPhase section */
		1EF09D871523574200067A5C /* Sources */ = {
			isa = PBXSourcesBuildPhase;
			buildActionMask = 2147483647;
			files = (
				1EF09DB61523579100067A5C /* BITHockeyManager.m in Sources */,
				1EF09DD6152371DC00067A5C /* BITCrashReportManager.m in Sources */,
				1EF09DD8152371DC00067A5C /* BITCrashReportUI.m in Sources */,
				1EF09DDA152371DC00067A5C /* BITCrashReportTextFormatter.m in Sources */,
				4DD13AF5162CA7C400BF15E8 /* BITSystemProfile.m in Sources */,
			);
			runOnlyForDeploymentPostprocessing = 0;
		};
/* End PBXSourcesBuildPhase section */

/* Begin PBXVariantGroup section */
		1E413D9315A0BB8800620BFE /* HockeySDK.strings */ = {
			isa = PBXVariantGroup;
			children = (
				1E413D9215A0BB8800620BFE /* en */,
				1E413D9515A0BB9700620BFE /* de */,
				1E66F5E015A1C47700C0816F /* fi */,
				1E66F5E215A1C49400C0816F /* fr */,
				1E66F5E315A1C4A700C0816F /* it */,
				1E66F5E415A1C4BF00C0816F /* nb */,
				1E66F5E515A1C4D100C0816F /* sv */,
				1EE8CF7E17147CF20088444D /* ja */,
			);
			name = HockeySDK.strings;
			sourceTree = "<group>";
		};
/* End PBXVariantGroup section */

/* Begin XCBuildConfiguration section */
		1EF09D9F1523574200067A5C /* Debug */ = {
			isa = XCBuildConfiguration;
			buildSettings = {
				ALWAYS_SEARCH_USER_PATHS = NO;
				ARCHS = "$(ARCHS_STANDARD_32_64_BIT)";
				CLANG_WARN_CONSTANT_CONVERSION = YES;
				CLANG_WARN_ENUM_CONVERSION = YES;
				CLANG_WARN_INT_CONVERSION = YES;
				CLANG_WARN__DUPLICATE_METHOD_MATCH = YES;
				COPY_PHASE_STRIP = NO;
				GCC_C_LANGUAGE_STANDARD = gnu99;
				GCC_DYNAMIC_NO_PIC = NO;
				GCC_ENABLE_OBJC_EXCEPTIONS = YES;
				GCC_OPTIMIZATION_LEVEL = 0;
				GCC_PREPROCESSOR_DEFINITIONS = (
					"DEBUG=1",
					"$(inherited)",
				);
				GCC_SYMBOLS_PRIVATE_EXTERN = NO;
				GCC_VERSION = com.apple.compilers.llvm.clang.1_0;
				GCC_WARN_64_TO_32_BIT_CONVERSION = YES;
				GCC_WARN_ABOUT_RETURN_TYPE = YES;
				GCC_WARN_UNINITIALIZED_AUTOS = YES;
				GCC_WARN_UNUSED_VARIABLE = YES;
				MACOSX_DEPLOYMENT_TARGET = 10.5;
				ONLY_ACTIVE_ARCH = NO;
				SDKROOT = macosx;
			};
			name = Debug;
		};
		1EF09DA01523574200067A5C /* Release */ = {
			isa = XCBuildConfiguration;
			buildSettings = {
				ALWAYS_SEARCH_USER_PATHS = NO;
				ARCHS = "$(ARCHS_STANDARD_32_64_BIT)";
				CLANG_WARN_CONSTANT_CONVERSION = YES;
				CLANG_WARN_ENUM_CONVERSION = YES;
				CLANG_WARN_INT_CONVERSION = YES;
				CLANG_WARN__DUPLICATE_METHOD_MATCH = YES;
				COPY_PHASE_STRIP = YES;
				DEBUG_INFORMATION_FORMAT = "dwarf-with-dsym";
				GCC_C_LANGUAGE_STANDARD = gnu99;
				GCC_ENABLE_OBJC_EXCEPTIONS = YES;
				GCC_VERSION = com.apple.compilers.llvm.clang.1_0;
				GCC_WARN_64_TO_32_BIT_CONVERSION = YES;
				GCC_WARN_ABOUT_RETURN_TYPE = YES;
				GCC_WARN_UNINITIALIZED_AUTOS = YES;
				GCC_WARN_UNUSED_VARIABLE = YES;
				MACOSX_DEPLOYMENT_TARGET = 10.5;
				SDKROOT = macosx;
			};
			name = Release;
		};
		1EF09DA21523574200067A5C /* Debug */ = {
			isa = XCBuildConfiguration;
			buildSettings = {
				COMBINE_HIDPI_IMAGES = YES;
				DYLIB_COMPATIBILITY_VERSION = 1;
				DYLIB_CURRENT_VERSION = 1;
				FRAMEWORK_SEARCH_PATHS = (
					"$(inherited)",
					"\"$(SRCROOT)/../Vendor\"",
				);
				FRAMEWORK_VERSION = A;
				GCC_PRECOMPILE_PREFIX_HEADER = YES;
				GCC_PREFIX_HEADER = "../Resources/HockeySDK-Prefix.pch";
				INFOPLIST_FILE = "../Resources/HockeySDK-Info.plist";
				INSTALL_PATH = "@rpath";
				LD_RUNPATH_SEARCH_PATHS = "@loader_path/Frameworks";
				MACOSX_DEPLOYMENT_TARGET = 10.5;
				PRODUCT_NAME = "$(TARGET_NAME)";
				WRAPPER_EXTENSION = framework;
			};
			name = Debug;
		};
		1EF09DA31523574200067A5C /* Release */ = {
			isa = XCBuildConfiguration;
			buildSettings = {
				COMBINE_HIDPI_IMAGES = YES;
				DYLIB_COMPATIBILITY_VERSION = 1;
				DYLIB_CURRENT_VERSION = 1;
				FRAMEWORK_SEARCH_PATHS = (
					"$(inherited)",
					"\"$(SRCROOT)/../Vendor\"",
				);
				FRAMEWORK_VERSION = A;
				GCC_PRECOMPILE_PREFIX_HEADER = YES;
				GCC_PREFIX_HEADER = "../Resources/HockeySDK-Prefix.pch";
				INFOPLIST_FILE = "../Resources/HockeySDK-Info.plist";
				INSTALL_PATH = "@rpath";
				LD_RUNPATH_SEARCH_PATHS = "@loader_path/Frameworks";
				MACOSX_DEPLOYMENT_TARGET = 10.5;
				PRODUCT_NAME = "$(TARGET_NAME)";
				WRAPPER_EXTENSION = framework;
			};
			name = Release;
		};
/* End XCBuildConfiguration section */

/* Begin XCConfigurationList section */
		1EF09D851523574200067A5C /* Build configuration list for PBXProject "HockeySDK" */ = {
			isa = XCConfigurationList;
			buildConfigurations = (
				1EF09D9F1523574200067A5C /* Debug */,
				1EF09DA01523574200067A5C /* Release */,
			);
			defaultConfigurationIsVisible = 0;
			defaultConfigurationName = Release;
		};
		1EF09DA11523574200067A5C /* Build configuration list for PBXNativeTarget "HockeySDK" */ = {
			isa = XCConfigurationList;
			buildConfigurations = (
				1EF09DA21523574200067A5C /* Debug */,
				1EF09DA31523574200067A5C /* Release */,
			);
			defaultConfigurationIsVisible = 0;
			defaultConfigurationName = Release;
		};
/* End XCConfigurationList section */
	};
	rootObject = 1EF09D821523574200067A5C /* Project object */;
}
